
Microsoft Visual Studio Solution File, Format Version 12.00
# Visual Studio 14
VisualStudioVersion = 14.0.23107.0
MinimumVisualStudioVersion = 10.0.40219.1
Project("{A0786B88-2ADB-4C21-ABE8-AA2D79766269}") = "clean", "clean\clean.phpproj", "{4C42EA01-6763-45D3-A94F-5089FF1AD27F}"
EndProject
Global
	GlobalSection(SolutionConfigurationPlatforms) = preSolution
		Debug|Any CPU = Debug|Any CPU
		Release|Any CPU = Release|Any CPU
	EndGlobalSection
	GlobalSection(ProjectConfigurationPlatforms) = postSolution
		{4C42EA01-6763-45D3-A94F-5089FF1AD27F}.Debug|Any CPU.ActiveCfg = Debug|Any CPU
		{4C42EA01-6763-45D3-A94F-5089FF1AD27F}.Debug|Any CPU.Build.0 = Debug|Any CPU
		{4C42EA01-6763-45D3-A94F-5089FF1AD27F}.Release|Any CPU.ActiveCfg = Release|Any CPU
		{4C42EA01-6763-45D3-A94F-5089FF1AD27F}.Release|Any CPU.Build.0 = Release|Any CPU
	EndGlobalSection
	GlobalSection(SolutionProperties) = preSolution
		HideSolutionNode = FALSE
	EndGlobalSection
EndGlobal
